// !$*UTF8*$!
{
	archiveVersion = 1;
	classes = {
	};
	objectVersion = 48;
	objects = {

/* Begin PBXBuildFile section */
		5E8B910D1FCEBA6D00F120DC /* AppDelegate.swift in Sources */ = {isa = PBXBuildFile; fileRef = 5E8B910C1FCEBA6D00F120DC /* AppDelegate.swift */; };
		5E8B910F1FCEBA6D00F120DC /* ViewController.swift in Sources */ = {isa = PBXBuildFile; fileRef = 5E8B910E1FCEBA6D00F120DC /* ViewController.swift */; };
		5E8B91121FCEBA6D00F120DC /* Main.storyboard in Resources */ = {isa = PBXBuildFile; fileRef = 5E8B91101FCEBA6D00F120DC /* Main.storyboard */; };
		5E8B91141FCEBA6D00F120DC /* Assets.xcassets in Resources */ = {isa = PBXBuildFile; fileRef = 5E8B91131FCEBA6D00F120DC /* Assets.xcassets */; };
		5E8B91171FCEBA6D00F120DC /* LaunchScreen.storyboard in Resources */ = {isa = PBXBuildFile; fileRef = 5E8B91151FCEBA6D00F120DC /* LaunchScreen.storyboard */; };
/* End PBXBuildFile section */

/* Begin PBXFileReference section */
		5E8B91091FCEBA6D00F120DC /* YUProgress.app */ = {isa = PBXFileReference; explicitFileType = wrapper.application; includeInIndex = 0; path = YUProgress.app; sourceTree = BUILT_PRODUCTS_DIR; };
		5E8B910C1FCEBA6D00F120DC /* AppDelegate.swift */ = {isa = PBXFileReference; lastKnownFileType = sourcecode.swift; path = AppDelegate.swift; sourceTree = "<group>"; };
		5E8B910E1FCEBA6D00F120DC /* ViewController.swift */ = {isa = PBXFileReference; lastKnownFileType = sourcecode.swift; path = ViewController.swift; sourceTree = "<group>"; };
		5E8B91111FCEBA6D00F120DC /* Base */ = {isa = PBXFileReference; lastKnownFileType = file.storyboard; name = Base; path = Base.lproj/Main.storyboard; sourceTree = "<group>"; };
		5E8B91131FCEBA6D00F120DC /* Assets.xcassets */ = {isa = PBXFileReference; lastKnownFileType = folder.assetcatalog; path = Assets.xcassets; sourceTree = "<group>"; };
		5E8B91161FCEBA6D00F120DC /* Base */ = {isa = PBXFileReference; lastKnownFileType = file.storyboard; name = Base; path = Base.lproj/LaunchScreen.storyboard; sourceTree = "<group>"; };
		5E8B91181FCEBA6D00F120DC /* Info.plist */ = {isa = PBXFileReference; lastKnownFileType = text.plist.xml; path = Info.plist; sourceTree = "<group>"; };
/* End PBXFileReference section */

/* Begin PBXFrameworksBuildPhase section */
		5E8B91061FCEBA6D00F120DC /* Frameworks */ = {
			isa = PBXFrameworksBuildPhase;
			buildActionMask = 2147483647;
			files = (
			);
			runOnlyForDeploymentPostprocessing = 0;
		};
/* End PBXFrameworksBuildPhase section */

/* Begin PBXGroup section */
		5E8B91001FCEBA6D00F120DC = {
			isa = PBXGroup;
			children = (
				5E8B910B1FCEBA6D00F120DC /* YUProgress */,
				5E8B910A1FCEBA6D00F120DC /* Products */,
			);
			sourceTree = "<group>";
		};
		5E8B910A1FCEBA6D00F120DC /* Products */ = {
			isa = PBXGroup;
			children = (
				5E8B91091FCEBA6D00F120DC /* YUProgress.app */,
			);
			name = Products;
			sourceTree = "<group>";
		};
		5E8B910B1FCEBA6D00F120DC /* YUProgress */ = {
			isa = PBXGroup;
			children = (
				5E8B910C1FCEBA6D00F120DC /* AppDelegate.swift */,
				5E8B910E1FCEBA6D00F120DC /* ViewController.swift */,
				5E8B91101FCEBA6D00F120DC /* Main.storyboard */,
				5E8B91131FCEBA6D00F120DC /* Assets.xcassets */,
				5E8B91151FCEBA6D00F120DC /* LaunchScreen.storyboard */,
				5E8B91181FCEBA6D00F120DC /* Info.plist */,
			);
			path = YUProgress;
			sourceTree = "<group>";
		};
/* End PBXGroup section */

/* Begin PBXNativeTarget section */
		5E8B91081FCEBA6D00F120DC /* YUProgress */ = {
			isa = PBXNativeTarget;
			buildConfigurationList = 5E8B911B1FCEBA6D00F120DC /* Build configuration list for PBXNativeTarget "YUProgress" */;
			buildPhases = (
				5E8B91051FCEBA6D00F120DC /* Sources */,
				5E8B91061FCEBA6D00F120DC /* Frameworks */,
				5E8B91071FCEBA6D00F120DC /* Resources */,
			);
			buildRules = (
			);
			dependencies = (
			);
			name = YUProgress;
			productName = YUProgress;
			productReference = 5E8B91091FCEBA6D00F120DC /* YUProgress.app */;
			productType = "com.apple.product-type.application";
		};
/* End PBXNativeTarget section */

/* Begin PBXProject section */
		5E8B91011FCEBA6D00F120DC /* Project object */ = {
			isa = PBXProject;
			attributes = {
				LastSwiftUpdateCheck = 0910;
				LastUpgradeCheck = 0910;
				ORGANIZATIONNAME = "Michael Yudin";
				TargetAttributes = {
					5E8B91081FCEBA6D00F120DC = {
						CreatedOnToolsVersion = 9.1;
						ProvisioningStyle = Automatic;
					};
				};
			};
			buildConfigurationList = 5E8B91041FCEBA6D00F120DC /* Build configuration list for PBXProject "YUProgress" */;
			compatibilityVersion = "Xcode 8.0";
			developmentRegion = en;
			hasScannedForEncodings = 0;
			knownRegions = (
				en,
				Base,
			);
			mainGroup = 5E8B91001FCEBA6D00F120DC;
			productRefGroup = 5E8B910A1FCEBA6D00F120DC /* Products */;
			projectDirPath = "";
			projectRoot = "";
			targets = (
				5E8B91081FCEBA6D00F120DC /* YUProgress */,
			);
		};
/* End PBXProject section */

/* Begin PBXResourcesBuildPhase section */
		5E8B91071FCEBA6D00F120DC /* Resources */ = {
			isa = PBXResourcesBuildPhase;
			buildActionMask = 2147483647;
			files = (
				5E8B91171FCEBA6D00F120DC /* LaunchScreen.storyboard in Resources */,
				5E8B91141FCEBA6D00F120DC /* Assets.xcassets in Resources */,
				5E8B91121FCEBA6D00F120DC /* Main.storyboard in Resources */,
			);
			runOnlyForDeploymentPostprocessing = 0;
		};
/* End PBXResourcesBuildPhase section */

/* Begin PBXSourcesBuildPhase section */
		5E8B91051FCEBA6D00F120DC /* Sources */ = {
			isa = PBXSourcesBuildPhase;
			buildActionMask = 2147483647;
			files = (
				5E8B910F1FCEBA6D00F120DC /* ViewController.swift in Sources */,
				5E8B910D1FCEBA6D00F120DC /* AppDelegate.swift in Sources */,
			);
			runOnlyForDeploymentPostprocessing = 0;
		};
/* End PBXSourcesBuildPhase section */

/* Begin PBXVariantGroup section */
		5E8B91101FCEBA6D00F120DC /* Main.storyboard */ = {
			isa = PBXVariantGroup;
			children = (
				5E8B91111FCEBA6D00F120DC /* Base */,
			);
			name = Main.storyboard;
			sourceTree = "<group>";
		};
		5E8B91151FCEBA6D00F120DC /* LaunchScreen.storyboard */ = {
			isa = PBXVariantGroup;
			children = (
				5E8B91161FCEBA6D00F120DC /* Base */,
			);
			name = LaunchScreen.storyboard;
			sourceTree = "<group>";
		};
/* End PBXVariantGroup section */

/* Begin XCBuildConfiguration section */
		5E8B91191FCEBA6D00F120DC /* Debug */ = {
			isa = XCBuildConfiguration;
			buildSettings = {
				ALWAYS_SEARCH_USER_PATHS = NO;
				CLANG_ANALYZER_NONNULL = YES;
				CLANG_ANALYZER_NUMBER_OBJECT_CONVERSION = YES_AGGRESSIVE;
				CLANG_CXX_LANGUAGE_STANDARD = "gnu++14";
				CLANG_CXX_LIBRARY = "libc++";
				CLANG_ENABLE_MODULES = YES;
				CLANG_ENABLE_OBJC_ARC = YES;
				CLANG_WARN_BLOCK_CAPTURE_AUTORELEASING = YES;
				CLANG_WARN_BOOL_CONVERSION = YES;
				CLANG_WARN_COMMA = YES;
				CLANG_WARN_CONSTANT_CONVERSION = YES;
				CLANG_WARN_DIRECT_OBJC_ISA_USAGE = YES_ERROR;
				CLANG_WARN_DOCUMENTATION_COMMENTS = YES;
				CLANG_WARN_EMPTY_BODY = YES;
				CLANG_WARN_ENUM_CONVERSION = YES;
				CLANG_WARN_INFINITE_RECURSION = YES;
				CLANG_WARN_INT_CONVERSION = YES;
				CLANG_WARN_NON_LITERAL_NULL_CONVERSION = YES;
				CLANG_WARN_OBJC_LITERAL_CONVERSION = YES;
				CLANG_WARN_OBJC_ROOT_CLASS = YES_ERROR;
				CLANG_WARN_RANGE_LOOP_ANALYSIS = YES;
				CLANG_WARN_STRICT_PROTOTYPES = YES;
				CLANG_WARN_SUSPICIOUS_MOVE = YES;
				CLANG_WARN_UNGUARDED_AVAILABILITY = YES_AGGRESSIVE;
				CLANG_WARN_UNREACHABLE_CODE = YES;
				CLANG_WARN__DUPLICATE_METHOD_MATCH = YES;
				CODE_SIGN_IDENTITY = "iPhone Developer";
				COPY_PHASE_STRIP = NO;
				DEBUG_INFORMATION_FORMAT = dwarf;
				ENABLE_STRICT_OBJC_MSGSEND = YES;
				ENABLE_TESTABILITY = YES;
				GCC_C_LANGUAGE_STANDARD = gnu11;
				GCC_DYNAMIC_NO_PIC = NO;
				GCC_NO_COMMON_BLOCKS = YES;
				GCC_OPTIMIZATION_LEVEL = 0;
				GCC_PREPROCESSOR_DEFINITIONS = (
					"DEBUG=1",
					"$(inherited)",
				);
				GCC_WARN_64_TO_32_BIT_CONVERSION = YES;
				GCC_WARN_ABOUT_RETURN_TYPE = YES_ERROR;
				GCC_WARN_UNDECLARED_SELECTOR = YES;
				GCC_WARN_UNINITIALIZED_AUTOS = YES_AGGRESSIVE;
				GCC_WARN_UNUSED_FUNCTION = YES;
				GCC_WARN_UNUSED_VARIABLE = YES;
				IPHONEOS_DEPLOYMENT_TARGET = 11.1;
				MTL_ENABLE_DEBUG_INFO = YES;
				ONLY_ACTIVE_ARCH = YES;
				SDKROOT = iphoneos;
				SWIFT_ACTIVE_COMPILATION_CONDITIONS = DEBUG;
				SWIFT_OPTIMIZATION_LEVEL = "-Onone";
			};
			name = Debug;
		};
		5E8B911A1FCEBA6D00F120DC /* Release */ = {
			isa = XCBuildConfiguration;
			buildSettings = {
				ALWAYS_SEARCH_USER_PATHS = NO;
				CLANG_ANALYZER_NONNULL = YES;
				CLANG_ANALYZER_NUMBER_OBJECT_CONVERSION = YES_AGGRESSIVE;
				CLANG_CXX_LANGUAGE_STANDARD = "gnu++14";
				CLANG_CXX_LIBRARY = "libc++";
				CLANG_ENABLE_MODULES = YES;
				CLANG_ENABLE_OBJC_ARC = YES;
				CLANG_WARN_BLOCK_CAPTURE_AUTORELEASING = YES;
				CLANG_WARN_BOOL_CONVERSION = YES;
				CLANG_WARN_COMMA = YES;
				CLANG_WARN_CONSTANT_CONVERSION = YES;
				CLANG_WARN_DIRECT_OBJC_ISA_USAGE = YES_ERROR;
				CLANG_WARN_DOCUMENTATION_COMMENTS = YES;
				CLANG_WARN_EMPTY_BODY = YES;
				CLANG_WARN_ENUM_CONVERSION = YES;
				CLANG_WARN_INFINITE_RECURSION = YES;
				CLANG_WARN_INT_CONVERSION = YES;
				CLANG_WARN_NON_LITERAL_NULL_CONVERSION = YES;
				CLANG_WARN_OBJC_LITERAL_CONVERSION = YES;
				CLANG_WARN_OBJC_ROOT_CLASS = YES_ERROR;
				CLANG_WARN_RANGE_LOOP_ANALYSIS = YES;
				CLANG_WARN_STRICT_PROTOTYPES = YES;
				CLANG_WARN_SUSPICIOUS_MOVE = YES;
				CLANG_WARN_UNGUARDED_AVAILABILITY = YES_AGGRESSIVE;
				CLANG_WARN_UNREACHABLE_CODE = YES;
				CLANG_WARN__DUPLICATE_METHOD_MATCH = YES;
				CODE_SIGN_IDENTITY = "iPhone Developer";
				COPY_PHASE_STRIP = NO;
				DEBUG_INFORMATION_FORMAT = "dwarf-with-dsym";
				ENABLE_NS_ASSERTIONS = NO;
				ENABLE_STRICT_OBJC_MSGSEND = YES;
				GCC_C_LANGUAGE_STANDARD = gnu11;
				GCC_NO_COMMON_BLOCKS = YES;
				GCC_WARN_64_TO_32_BIT_CONVERSION = YES;
				GCC_WARN_ABOUT_RETURN_TYPE = YES_ERROR;
				GCC_WARN_UNDECLARED_SELECTOR = YES;
				GCC_WARN_UNINITIALIZED_AUTOS = YES_AGGRESSIVE;
				GCC_WARN_UNUSED_FUNCTION = YES;
				GCC_WARN_UNUSED_VARIABLE = YES;
				IPHONEOS_DEPLOYMENT_TARGET = 11.1;
				MTL_ENABLE_DEBUG_INFO = NO;
				SDKROOT = iphoneos;
				SWIFT_OPTIMIZATION_LEVEL = "-Owholemodule";
				VALIDATE_PRODUCT = YES;
			};
			name = Release;
		};
		5E8B911C1FCEBA6D00F120DC /* Debug */ = {
			isa = XCBuildConfiguration;
			buildSettings = {
				ASSETCATALOG_COMPILER_APPICON_NAME = AppIcon;
				CODE_SIGN_STYLE = Automatic;
				DEVELOPMENT_TEAM = BT7NEHF4NA;
				INFOPLIST_FILE = YUProgress/Info.plist;
				LD_RUNPATH_SEARCH_PATHS = "$(inherited) @executable_path/Frameworks";
				PRODUCT_BUNDLE_IDENTIFIER = ru.yudin.michael.YUProgress;
				PRODUCT_NAME = "$(TARGET_NAME)";
				SWIFT_VERSION = 4.0;
				TARGETED_DEVICE_FAMILY = "1,2";
			};
			name = Debug;
		};
		5E8B911D1FCEBA6D00F120DC /* Release */ = {
			isa = XCBuildConfiguration;
			buildSettings = {
				ASSETCATALOG_COMPILER_APPICON_NAME = AppIcon;
				CODE_SIGN_STYLE = Automatic;
				DEVELOPMENT_TEAM = BT7NEHF4NA;
				INFOPLIST_FILE = YUProgress/Info.plist;
				LD_RUNPATH_SEARCH_PATHS = "$(inherited) @executable_path/Frameworks";
				PRODUCT_BUNDLE_IDENTIFIER = ru.yudin.michael.YUProgress;
				PRODUCT_NAME = "$(TARGET_NAME)";
				SWIFT_VERSION = 4.0;
				TARGETED_DEVICE_FAMILY = "1,2";
			};
			name = Release;
		};
/* End XCBuildConfiguration section */

/* Begin XCConfigurationList section */
		5E8B91041FCEBA6D00F120DC /* Build configuration list for PBXProject "YUProgress" */ = {
			isa = XCConfigurationList;
			buildConfigurations = (
				5E8B91191FCEBA6D00F120DC /* Debug */,
				5E8B911A1FCEBA6D00F120DC /* Release */,
			);
			defaultConfigurationIsVisible = 0;
			defaultConfigurationName = Release;
		};
		5E8B911B1FCEBA6D00F120DC /* Build configuration list for PBXNativeTarget "YUProgress" */ = {
			isa = XCConfigurationList;
			buildConfigurations = (
				5E8B911C1FCEBA6D00F120DC /* Debug */,
				5E8B911D1FCEBA6D00F120DC /* Release */,
			);
			defaultConfigurationIsVisible = 0;
			defaultConfigurationName = Release;
		};
/* End XCConfigurationList section */
	};
	rootObject = 5E8B91011FCEBA6D00F120DC /* Project object */;
}
